// !$*UTF8*$!
{
	archiveVersion = 1;
	classes = {
	};
	objectVersion = 55;
	objects = {

/* Begin PBXBuildFile section */
		5F1078B52895439D009C0F06 /* NavigationViewController.swift in Sources */ = {isa = PBXBuildFile; fileRef = 5F1078B42895439D009C0F06 /* NavigationViewController.swift */; };
		5F1078B7289543D3009C0F06 /* RootRouter.swift in Sources */ = {isa = PBXBuildFile; fileRef = 5F1078B6289543D3009C0F06 /* RootRouter.swift */; };
		5F1078B928954415009C0F06 /* RootBuilder.swift in Sources */ = {isa = PBXBuildFile; fileRef = 5F1078B828954415009C0F06 /* RootBuilder.swift */; };
		5F1078BB2895443A009C0F06 /* RootViewBuilder.swift in Sources */ = {isa = PBXBuildFile; fileRef = 5F1078BA2895443A009C0F06 /* RootViewBuilder.swift */; };
		5F1078BD2895446E009C0F06 /* RootViewModel.swift in Sources */ = {isa = PBXBuildFile; fileRef = 5F1078BC2895446E009C0F06 /* RootViewModel.swift */; };
		5F1078BF2895449C009C0F06 /* RootInteractor.swift in Sources */ = {isa = PBXBuildFile; fileRef = 5F1078BE2895449C009C0F06 /* RootInteractor.swift */; };
		5F1078C1289544DF009C0F06 /* AppConstants.swift in Sources */ = {isa = PBXBuildFile; fileRef = 5F1078C0289544DF009C0F06 /* AppConstants.swift */; };
		5F1078C32895455D009C0F06 /* UtilityExtension.swift in Sources */ = {isa = PBXBuildFile; fileRef = 5F1078C22895455D009C0F06 /* UtilityExtension.swift */; };
		5F1078C528954821009C0F06 /* WelcomeViewController.swift in Sources */ = {isa = PBXBuildFile; fileRef = 5F1078C428954821009C0F06 /* WelcomeViewController.swift */; };
		5F1078C7289550C7009C0F06 /* Indexer.swift in Sources */ = {isa = PBXBuildFile; fileRef = 5F1078C6289550C7009C0F06 /* Indexer.swift */; };
		5F1078C928955133009C0F06 /* WelcomeViewModel.swift in Sources */ = {isa = PBXBuildFile; fileRef = 5F1078C828955133009C0F06 /* WelcomeViewModel.swift */; };
		5F1078CB2895515D009C0F06 /* WelcomeBuilder.swift in Sources */ = {isa = PBXBuildFile; fileRef = 5F1078CA2895515D009C0F06 /* WelcomeBuilder.swift */; };
		5F1078CD28955185009C0F06 /* WelcomeViewBuilder.swift in Sources */ = {isa = PBXBuildFile; fileRef = 5F1078CC28955185009C0F06 /* WelcomeViewBuilder.swift */; };
		5F1078CF2895519F009C0F06 /* WelcomeRouter.swift in Sources */ = {isa = PBXBuildFile; fileRef = 5F1078CE2895519F009C0F06 /* WelcomeRouter.swift */; };
		5F1078D2289587F1009C0F06 /* LoginViewController.swift in Sources */ = {isa = PBXBuildFile; fileRef = 5F1078D1289587F1009C0F06 /* LoginViewController.swift */; };
		5F1078D428958840009C0F06 /* LoginBuilder.swift in Sources */ = {isa = PBXBuildFile; fileRef = 5F1078D328958840009C0F06 /* LoginBuilder.swift */; };
		5F1078D628958866009C0F06 /* LoginViewBuilder.swift in Sources */ = {isa = PBXBuildFile; fileRef = 5F1078D528958866009C0F06 /* LoginViewBuilder.swift */; };
		5F1078D828958891009C0F06 /* LoginViewModel.swift in Sources */ = {isa = PBXBuildFile; fileRef = 5F1078D728958891009C0F06 /* LoginViewModel.swift */; };
		5F1078DA289588BC009C0F06 /* LoginRouter.swift in Sources */ = {isa = PBXBuildFile; fileRef = 5F1078D9289588BC009C0F06 /* LoginRouter.swift */; };
		5F1078DC28958921009C0F06 /* GithubInfoModel.swift in Sources */ = {isa = PBXBuildFile; fileRef = 5F1078DB28958921009C0F06 /* GithubInfoModel.swift */; };
		5F1078DE289589B0009C0F06 /* IKeyChain.swift in Sources */ = {isa = PBXBuildFile; fileRef = 5F1078DD289589B0009C0F06 /* IKeyChain.swift */; };
		5F1078E1289593B7009C0F06 /* HomeBuilder.swift in Sources */ = {isa = PBXBuildFile; fileRef = 5F1078E0289593B7009C0F06 /* HomeBuilder.swift */; };
		5F1078E3289593E3009C0F06 /* HomeViewModel.swift in Sources */ = {isa = PBXBuildFile; fileRef = 5F1078E2289593E3009C0F06 /* HomeViewModel.swift */; };
		5F1078E528959427009C0F06 /* HomeViewBuilder.swift in Sources */ = {isa = PBXBuildFile; fileRef = 5F1078E428959427009C0F06 /* HomeViewBuilder.swift */; };
		5F1078E728959465009C0F06 /* HomeViewController.swift in Sources */ = {isa = PBXBuildFile; fileRef = 5F1078E628959465009C0F06 /* HomeViewController.swift */; };
		5F1078E9289594E5009C0F06 /* HomeRouter.swift in Sources */ = {isa = PBXBuildFile; fileRef = 5F1078E8289594E5009C0F06 /* HomeRouter.swift */; };
		5F1078EB28959522009C0F06 /* HomeInteractor.swift in Sources */ = {isa = PBXBuildFile; fileRef = 5F1078EA28959522009C0F06 /* HomeInteractor.swift */; };
		5F1078ED289595C0009C0F06 /* PRsRequestAndResponse.swift in Sources */ = {isa = PBXBuildFile; fileRef = 5F1078EC289595C0009C0F06 /* PRsRequestAndResponse.swift */; };
		5F1078EF28959632009C0F06 /* PullRequestModel.swift in Sources */ = {isa = PBXBuildFile; fileRef = 5F1078EE28959632009C0F06 /* PullRequestModel.swift */; };
		5F1078F228962302009C0F06 /* PullRequestDetailsTableViewCell.swift in Sources */ = {isa = PBXBuildFile; fileRef = 5F1078F028962302009C0F06 /* PullRequestDetailsTableViewCell.swift */; };
		5F1078F328962302009C0F06 /* PullRequestDetailsTableViewCell.xib in Resources */ = {isa = PBXBuildFile; fileRef = 5F1078F128962302009C0F06 /* PullRequestDetailsTableViewCell.xib */; };
		5F1078F5289624B3009C0F06 /* LogOutManager.swift in Sources */ = {isa = PBXBuildFile; fileRef = 5F1078F4289624B3009C0F06 /* LogOutManager.swift */; };
		5F1078F728965D2F009C0F06 /* UserInfoModel.swift in Sources */ = {isa = PBXBuildFile; fileRef = 5F1078F628965D2F009C0F06 /* UserInfoModel.swift */; };
		5F5823B228953CDC00089DB3 /* AppDelegate.swift in Sources */ = {isa = PBXBuildFile; fileRef = 5F5823B128953CDC00089DB3 /* AppDelegate.swift */; };
		5FBCAFDE2896F3D1001E5225 /* README.md in Resources */ = {isa = PBXBuildFile; fileRef = 5FBCAFDD2896F3D1001E5225 /* README.md */; };
		5FBCAFDF2896FC65001E5225 /* IKeyChain.swift in Sources */ = {isa = PBXBuildFile; fileRef = 5F1078DD289589B0009C0F06 /* IKeyChain.swift */; };
		5FBCAFE02896FC66001E5225 /* IKeyChain.swift in Sources */ = {isa = PBXBuildFile; fileRef = 5F1078DD289589B0009C0F06 /* IKeyChain.swift */; };
		5FBCAFE12896FC69001E5225 /* LogOutManager.swift in Sources */ = {isa = PBXBuildFile; fileRef = 5F1078F4289624B3009C0F06 /* LogOutManager.swift */; };
		5FBCAFE22896FC69001E5225 /* LogOutManager.swift in Sources */ = {isa = PBXBuildFile; fileRef = 5F1078F4289624B3009C0F06 /* LogOutManager.swift */; };
		5FBCAFE32896FC6C001E5225 /* UtilityExtension.swift in Sources */ = {isa = PBXBuildFile; fileRef = 5F1078C22895455D009C0F06 /* UtilityExtension.swift */; };
		5FBCAFE42896FC6D001E5225 /* UtilityExtension.swift in Sources */ = {isa = PBXBuildFile; fileRef = 5F1078C22895455D009C0F06 /* UtilityExtension.swift */; };
		5FBCAFE52896FC70001E5225 /* AppConstants.swift in Sources */ = {isa = PBXBuildFile; fileRef = 5F1078C0289544DF009C0F06 /* AppConstants.swift */; };
		5FBCAFE62896FC70001E5225 /* AppConstants.swift in Sources */ = {isa = PBXBuildFile; fileRef = 5F1078C0289544DF009C0F06 /* AppConstants.swift */; };
		5FD9138028952F3900D71223 /* Main.storyboard in Resources */ = {isa = PBXBuildFile; fileRef = 5FD9137E28952F3900D71223 /* Main.storyboard */; };
		5FD9138228952F3E00D71223 /* Assets.xcassets in Resources */ = {isa = PBXBuildFile; fileRef = 5FD9138128952F3E00D71223 /* Assets.xcassets */; };
		5FD9138528952F3E00D71223 /* LaunchScreen.storyboard in Resources */ = {isa = PBXBuildFile; fileRef = 5FD9138328952F3E00D71223 /* LaunchScreen.storyboard */; };
		5FD9139028952F3F00D71223 /* GithubTests.swift in Sources */ = {isa = PBXBuildFile; fileRef = 5FD9138F28952F3F00D71223 /* GithubTests.swift */; };
		5FD9139A28952F3F00D71223 /* GithubUITests.swift in Sources */ = {isa = PBXBuildFile; fileRef = 5FD9139928952F3F00D71223 /* GithubUITests.swift */; };
		5FD9139C28952F3F00D71223 /* GithubUITestsLaunchTests.swift in Sources */ = {isa = PBXBuildFile; fileRef = 5FD9139B28952F3F00D71223 /* GithubUITestsLaunchTests.swift */; };
/* End PBXBuildFile section */

/* Begin PBXContainerItemProxy section */
		5FD9138C28952F3F00D71223 /* PBXContainerItemProxy */ = {
			isa = PBXContainerItemProxy;
			containerPortal = 5FD9136D28952F3800D71223 /* Project object */;
			proxyType = 1;
			remoteGlobalIDString = 5FD9137428952F3800D71223;
			remoteInfo = Github;
		};
		5FD9139628952F3F00D71223 /* PBXContainerItemProxy */ = {
			isa = PBXContainerItemProxy;
			containerPortal = 5FD9136D28952F3800D71223 /* Project object */;
			proxyType = 1;
			remoteGlobalIDString = 5FD9137428952F3800D71223;
			remoteInfo = Github;
		};
/* End PBXContainerItemProxy section */

/* Begin PBXFileReference section */
		5F1078B42895439D009C0F06 /* NavigationViewController.swift */ = {isa = PBXFileReference; lastKnownFileType = sourcecode.swift; path = NavigationViewController.swift; sourceTree = "<group>"; };
		5F1078B6289543D3009C0F06 /* RootRouter.swift */ = {isa = PBXFileReference; lastKnownFileType = sourcecode.swift; path = RootRouter.swift; sourceTree = "<group>"; };
		5F1078B828954415009C0F06 /* RootBuilder.swift */ = {isa = PBXFileReference; lastKnownFileType = sourcecode.swift; path = RootBuilder.swift; sourceTree = "<group>"; };
		5F1078BA2895443A009C0F06 /* RootViewBuilder.swift */ = {isa = PBXFileReference; lastKnownFileType = sourcecode.swift; path = RootViewBuilder.swift; sourceTree = "<group>"; };
		5F1078BC2895446E009C0F06 /* RootViewModel.swift */ = {isa = PBXFileReference; lastKnownFileType = sourcecode.swift; path = RootViewModel.swift; sourceTree = "<group>"; };
		5F1078BE2895449C009C0F06 /* RootInteractor.swift */ = {isa = PBXFileReference; lastKnownFileType = sourcecode.swift; path = RootInteractor.swift; sourceTree = "<group>"; };
		5F1078C0289544DF009C0F06 /* AppConstants.swift */ = {isa = PBXFileReference; lastKnownFileType = sourcecode.swift; path = AppConstants.swift; sourceTree = "<group>"; };
		5F1078C22895455D009C0F06 /* UtilityExtension.swift */ = {isa = PBXFileReference; lastKnownFileType = sourcecode.swift; path = UtilityExtension.swift; sourceTree = "<group>"; };
		5F1078C428954821009C0F06 /* WelcomeViewController.swift */ = {isa = PBXFileReference; lastKnownFileType = sourcecode.swift; path = WelcomeViewController.swift; sourceTree = "<group>"; };
		5F1078C6289550C7009C0F06 /* Indexer.swift */ = {isa = PBXFileReference; lastKnownFileType = sourcecode.swift; path = Indexer.swift; sourceTree = "<group>"; };
		5F1078C828955133009C0F06 /* WelcomeViewModel.swift */ = {isa = PBXFileReference; lastKnownFileType = sourcecode.swift; path = WelcomeViewModel.swift; sourceTree = "<group>"; };
		5F1078CA2895515D009C0F06 /* WelcomeBuilder.swift */ = {isa = PBXFileReference; lastKnownFileType = sourcecode.swift; path = WelcomeBuilder.swift; sourceTree = "<group>"; };
		5F1078CC28955185009C0F06 /* WelcomeViewBuilder.swift */ = {isa = PBXFileReference; lastKnownFileType = sourcecode.swift; path = WelcomeViewBuilder.swift; sourceTree = "<group>"; };
		5F1078CE2895519F009C0F06 /* WelcomeRouter.swift */ = {isa = PBXFileReference; lastKnownFileType = sourcecode.swift; path = WelcomeRouter.swift; sourceTree = "<group>"; };
		5F1078D1289587F1009C0F06 /* LoginViewController.swift */ = {isa = PBXFileReference; lastKnownFileType = sourcecode.swift; path = LoginViewController.swift; sourceTree = "<group>"; };
		5F1078D328958840009C0F06 /* LoginBuilder.swift */ = {isa = PBXFileReference; lastKnownFileType = sourcecode.swift; path = LoginBuilder.swift; sourceTree = "<group>"; };
		5F1078D528958866009C0F06 /* LoginViewBuilder.swift */ = {isa = PBXFileReference; lastKnownFileType = sourcecode.swift; path = LoginViewBuilder.swift; sourceTree = "<group>"; };
		5F1078D728958891009C0F06 /* LoginViewModel.swift */ = {isa = PBXFileReference; lastKnownFileType = sourcecode.swift; path = LoginViewModel.swift; sourceTree = "<group>"; };
		5F1078D9289588BC009C0F06 /* LoginRouter.swift */ = {isa = PBXFileReference; lastKnownFileType = sourcecode.swift; path = LoginRouter.swift; sourceTree = "<group>"; };
		5F1078DB28958921009C0F06 /* GithubInfoModel.swift */ = {isa = PBXFileReference; lastKnownFileType = sourcecode.swift; path = GithubInfoModel.swift; sourceTree = "<group>"; };
		5F1078DD289589B0009C0F06 /* IKeyChain.swift */ = {isa = PBXFileReference; lastKnownFileType = sourcecode.swift; path = IKeyChain.swift; sourceTree = "<group>"; };
		5F1078E0289593B7009C0F06 /* HomeBuilder.swift */ = {isa = PBXFileReference; lastKnownFileType = sourcecode.swift; path = HomeBuilder.swift; sourceTree = "<group>"; };
		5F1078E2289593E3009C0F06 /* HomeViewModel.swift */ = {isa = PBXFileReference; lastKnownFileType = sourcecode.swift; path = HomeViewModel.swift; sourceTree = "<group>"; };
		5F1078E428959427009C0F06 /* HomeViewBuilder.swift */ = {isa = PBXFileReference; lastKnownFileType = sourcecode.swift; path = HomeViewBuilder.swift; sourceTree = "<group>"; };
		5F1078E628959465009C0F06 /* HomeViewController.swift */ = {isa = PBXFileReference; lastKnownFileType = sourcecode.swift; path = HomeViewController.swift; sourceTree = "<group>"; };
		5F1078E8289594E5009C0F06 /* HomeRouter.swift */ = {isa = PBXFileReference; lastKnownFileType = sourcecode.swift; path = HomeRouter.swift; sourceTree = "<group>"; };
		5F1078EA28959522009C0F06 /* HomeInteractor.swift */ = {isa = PBXFileReference; lastKnownFileType = sourcecode.swift; path = HomeInteractor.swift; sourceTree = "<group>"; };
		5F1078EC289595C0009C0F06 /* PRsRequestAndResponse.swift */ = {isa = PBXFileReference; lastKnownFileType = sourcecode.swift; path = PRsRequestAndResponse.swift; sourceTree = "<group>"; };
		5F1078EE28959632009C0F06 /* PullRequestModel.swift */ = {isa = PBXFileReference; lastKnownFileType = sourcecode.swift; path = PullRequestModel.swift; sourceTree = "<group>"; };
		5F1078F028962302009C0F06 /* PullRequestDetailsTableViewCell.swift */ = {isa = PBXFileReference; lastKnownFileType = sourcecode.swift; path = PullRequestDetailsTableViewCell.swift; sourceTree = "<group>"; };
		5F1078F128962302009C0F06 /* PullRequestDetailsTableViewCell.xib */ = {isa = PBXFileReference; lastKnownFileType = file.xib; path = PullRequestDetailsTableViewCell.xib; sourceTree = "<group>"; };
		5F1078F4289624B3009C0F06 /* LogOutManager.swift */ = {isa = PBXFileReference; lastKnownFileType = sourcecode.swift; path = LogOutManager.swift; sourceTree = "<group>"; };
		5F1078F628965D2F009C0F06 /* UserInfoModel.swift */ = {isa = PBXFileReference; lastKnownFileType = sourcecode.swift; path = UserInfoModel.swift; sourceTree = "<group>"; };
		5F5823B128953CDC00089DB3 /* AppDelegate.swift */ = {isa = PBXFileReference; fileEncoding = 4; lastKnownFileType = sourcecode.swift; path = AppDelegate.swift; sourceTree = "<group>"; };
		5FBCAFDD2896F3D1001E5225 /* README.md */ = {isa = PBXFileReference; fileEncoding = 4; lastKnownFileType = net.daringfireball.markdown; path = README.md; sourceTree = SOURCE_ROOT; };
		5FD9137528952F3800D71223 /* Github.app */ = {isa = PBXFileReference; explicitFileType = wrapper.application; includeInIndex = 0; path = Github.app; sourceTree = BUILT_PRODUCTS_DIR; };
		5FD9137F28952F3900D71223 /* Base */ = {isa = PBXFileReference; lastKnownFileType = file.storyboard; name = Base; path = Base.lproj/Main.storyboard; sourceTree = "<group>"; };
		5FD9138128952F3E00D71223 /* Assets.xcassets */ = {isa = PBXFileReference; lastKnownFileType = folder.assetcatalog; path = Assets.xcassets; sourceTree = "<group>"; };
		5FD9138428952F3E00D71223 /* Base */ = {isa = PBXFileReference; lastKnownFileType = file.storyboard; name = Base; path = Base.lproj/LaunchScreen.storyboard; sourceTree = "<group>"; };
		5FD9138628952F3E00D71223 /* Info.plist */ = {isa = PBXFileReference; lastKnownFileType = text.plist.xml; path = Info.plist; sourceTree = "<group>"; };
		5FD9138B28952F3F00D71223 /* GithubTests.xctest */ = {isa = PBXFileReference; explicitFileType = wrapper.cfbundle; includeInIndex = 0; path = GithubTests.xctest; sourceTree = BUILT_PRODUCTS_DIR; };
		5FD9138F28952F3F00D71223 /* GithubTests.swift */ = {isa = PBXFileReference; lastKnownFileType = sourcecode.swift; path = GithubTests.swift; sourceTree = "<group>"; };
		5FD9139528952F3F00D71223 /* GithubUITests.xctest */ = {isa = PBXFileReference; explicitFileType = wrapper.cfbundle; includeInIndex = 0; path = GithubUITests.xctest; sourceTree = BUILT_PRODUCTS_DIR; };
		5FD9139928952F3F00D71223 /* GithubUITests.swift */ = {isa = PBXFileReference; lastKnownFileType = sourcecode.swift; path = GithubUITests.swift; sourceTree = "<group>"; };
		5FD9139B28952F3F00D71223 /* GithubUITestsLaunchTests.swift */ = {isa = PBXFileReference; lastKnownFileType = sourcecode.swift; path = GithubUITestsLaunchTests.swift; sourceTree = "<group>"; };
/* End PBXFileReference section */

/* Begin PBXFrameworksBuildPhase section */
		5FD9137228952F3800D71223 /* Frameworks */ = {
			isa = PBXFrameworksBuildPhase;
			buildActionMask = 2147483647;
			files = (
			);
			runOnlyForDeploymentPostprocessing = 0;
		};
		5FD9138828952F3F00D71223 /* Frameworks */ = {
			isa = PBXFrameworksBuildPhase;
			buildActionMask = 2147483647;
			files = (
			);
			runOnlyForDeploymentPostprocessing = 0;
		};
		5FD9139228952F3F00D71223 /* Frameworks */ = {
			isa = PBXFrameworksBuildPhase;
			buildActionMask = 2147483647;
			files = (
			);
			runOnlyForDeploymentPostprocessing = 0;
		};
/* End PBXFrameworksBuildPhase section */

/* Begin PBXGroup section */
		5F1078B328954355009C0F06 /* Welcome */ = {
			isa = PBXGroup;
			children = (
				5F1078C428954821009C0F06 /* WelcomeViewController.swift */,
				5F1078C828955133009C0F06 /* WelcomeViewModel.swift */,
				5F1078CA2895515D009C0F06 /* WelcomeBuilder.swift */,
				5F1078CC28955185009C0F06 /* WelcomeViewBuilder.swift */,
				5F1078CE2895519F009C0F06 /* WelcomeRouter.swift */,
			);
			path = Welcome;
			sourceTree = "<group>";
		};
		5F1078D0289587E7009C0F06 /* Login */ = {
			isa = PBXGroup;
			children = (
				5F1078D1289587F1009C0F06 /* LoginViewController.swift */,
				5F1078D328958840009C0F06 /* LoginBuilder.swift */,
				5F1078D528958866009C0F06 /* LoginViewBuilder.swift */,
				5F1078D728958891009C0F06 /* LoginViewModel.swift */,
				5F1078D9289588BC009C0F06 /* LoginRouter.swift */,
			);
			path = Login;
			sourceTree = "<group>";
		};
		5F1078DF289593AC009C0F06 /* Home */ = {
			isa = PBXGroup;
			children = (
				5F1078E0289593B7009C0F06 /* HomeBuilder.swift */,
				5F1078E2289593E3009C0F06 /* HomeViewModel.swift */,
				5F1078E428959427009C0F06 /* HomeViewBuilder.swift */,
				5F1078E628959465009C0F06 /* HomeViewController.swift */,
				5F1078E8289594E5009C0F06 /* HomeRouter.swift */,
				5F1078EA28959522009C0F06 /* HomeInteractor.swift */,
				5F1078EC289595C0009C0F06 /* PRsRequestAndResponse.swift */,
				5F1078F028962302009C0F06 /* PullRequestDetailsTableViewCell.swift */,
				5F1078F128962302009C0F06 /* PullRequestDetailsTableViewCell.xib */,
			);
			path = Home;
			sourceTree = "<group>";
		};
		5F5823AB28953C6900089DB3 /* Storyboard */ = {
			isa = PBXGroup;
			children = (
				5FD9137E28952F3900D71223 /* Main.storyboard */,
				5FD9138328952F3E00D71223 /* LaunchScreen.storyboard */,
			);
			path = Storyboard;
			sourceTree = "<group>";
		};
		5F5823AC28953CDC00089DB3 /* Utility */ = {
			isa = PBXGroup;
			children = (
				5F1078C0289544DF009C0F06 /* AppConstants.swift */,
				5F1078C22895455D009C0F06 /* UtilityExtension.swift */,
				5F1078DD289589B0009C0F06 /* IKeyChain.swift */,
				5F1078F4289624B3009C0F06 /* LogOutManager.swift */,
			);
			path = Utility;
			sourceTree = "<group>";
		};
		5F5823AD28953CDC00089DB3 /* Models */ = {
			isa = PBXGroup;
			children = (
				5F1078DB28958921009C0F06 /* GithubInfoModel.swift */,
				5F1078EE28959632009C0F06 /* PullRequestModel.swift */,
				5F1078F628965D2F009C0F06 /* UserInfoModel.swift */,
			);
			path = Models;
			sourceTree = "<group>";
		};
		5F5823AE28953CDC00089DB3 /* Indexer */ = {
			isa = PBXGroup;
			children = (
				5F1078C6289550C7009C0F06 /* Indexer.swift */,
			);
			path = Indexer;
			sourceTree = "<group>";
		};
		5F5823AF28953CDC00089DB3 /* Nodes */ = {
			isa = PBXGroup;
			children = (
				5F1078DF289593AC009C0F06 /* Home */,
				5F1078D0289587E7009C0F06 /* Login */,
				5F1078B328954355009C0F06 /* Welcome */,
			);
			path = Nodes;
			sourceTree = "<group>";
		};
		5F5823B028953CDC00089DB3 /* RootSetup */ = {
			isa = PBXGroup;
			children = (
				5F5823B128953CDC00089DB3 /* AppDelegate.swift */,
				5F1078B42895439D009C0F06 /* NavigationViewController.swift */,
				5F1078B6289543D3009C0F06 /* RootRouter.swift */,
				5F1078B828954415009C0F06 /* RootBuilder.swift */,
				5F1078BA2895443A009C0F06 /* RootViewBuilder.swift */,
				5F1078BC2895446E009C0F06 /* RootViewModel.swift */,
				5F1078BE2895449C009C0F06 /* RootInteractor.swift */,
			);
			path = RootSetup;
			sourceTree = "<group>";
		};
		5FD9136C28952F3800D71223 = {
			isa = PBXGroup;
			children = (
				5FD9137728952F3900D71223 /* Github */,
				5FD9138E28952F3F00D71223 /* GithubTests */,
				5FD9139828952F3F00D71223 /* GithubUITests */,
				5FD9137628952F3800D71223 /* Products */,
			);
			sourceTree = "<group>";
		};
		5FD9137628952F3800D71223 /* Products */ = {
			isa = PBXGroup;
			children = (
				5FD9137528952F3800D71223 /* Github.app */,
				5FD9138B28952F3F00D71223 /* GithubTests.xctest */,
				5FD9139528952F3F00D71223 /* GithubUITests.xctest */,
			);
			name = Products;
			sourceTree = "<group>";
		};
		5FD9137728952F3900D71223 /* Github */ = {
			isa = PBXGroup;
			children = (
				5FBCAFDD2896F3D1001E5225 /* README.md */,
				5F5823AB28953C6900089DB3 /* Storyboard */,
				5F5823AE28953CDC00089DB3 /* Indexer */,
				5F5823AD28953CDC00089DB3 /* Models */,
				5F5823AF28953CDC00089DB3 /* Nodes */,
				5F5823B028953CDC00089DB3 /* RootSetup */,
				5F5823AC28953CDC00089DB3 /* Utility */,
				5FD9138128952F3E00D71223 /* Assets.xcassets */,
				5FD9138628952F3E00D71223 /* Info.plist */,
			);
			path = Github;
			sourceTree = "<group>";
		};
		5FD9138E28952F3F00D71223 /* GithubTests */ = {
			isa = PBXGroup;
			children = (
				5FD9138F28952F3F00D71223 /* GithubTests.swift */,
			);
			path = GithubTests;
			sourceTree = "<group>";
		};
		5FD9139828952F3F00D71223 /* GithubUITests */ = {
			isa = PBXGroup;
			children = (
				5FD9139928952F3F00D71223 /* GithubUITests.swift */,
				5FD9139B28952F3F00D71223 /* GithubUITestsLaunchTests.swift */,
			);
			path = GithubUITests;
			sourceTree = "<group>";
		};
/* End PBXGroup section */

/* Begin PBXNativeTarget section */
		5FD9137428952F3800D71223 /* Github */ = {
			isa = PBXNativeTarget;
			buildConfigurationList = 5FD9139F28952F3F00D71223 /* Build configuration list for PBXNativeTarget "Github" */;
			buildPhases = (
				5FD9137128952F3800D71223 /* Sources */,
				5FD9137228952F3800D71223 /* Frameworks */,
				5FD9137328952F3800D71223 /* Resources */,
			);
			buildRules = (
			);
			dependencies = (
			);
			name = Github;
			productName = Github;
			productReference = 5FD9137528952F3800D71223 /* Github.app */;
			productType = "com.apple.product-type.application";
		};
		5FD9138A28952F3F00D71223 /* GithubTests */ = {
			isa = PBXNativeTarget;
			buildConfigurationList = 5FD913A228952F3F00D71223 /* Build configuration list for PBXNativeTarget "GithubTests" */;
			buildPhases = (
				5FD9138728952F3F00D71223 /* Sources */,
				5FD9138828952F3F00D71223 /* Frameworks */,
				5FD9138928952F3F00D71223 /* Resources */,
			);
			buildRules = (
			);
			dependencies = (
				5FD9138D28952F3F00D71223 /* PBXTargetDependency */,
			);
			name = GithubTests;
			productName = GithubTests;
			productReference = 5FD9138B28952F3F00D71223 /* GithubTests.xctest */;
			productType = "com.apple.product-type.bundle.unit-test";
		};
		5FD9139428952F3F00D71223 /* GithubUITests */ = {
			isa = PBXNativeTarget;
			buildConfigurationList = 5FD913A528952F3F00D71223 /* Build configuration list for PBXNativeTarget "GithubUITests" */;
			buildPhases = (
				5FD9139128952F3F00D71223 /* Sources */,
				5FD9139228952F3F00D71223 /* Frameworks */,
				5FD9139328952F3F00D71223 /* Resources */,
			);
			buildRules = (
			);
			dependencies = (
				5FD9139728952F3F00D71223 /* PBXTargetDependency */,
			);
			name = GithubUITests;
			productName = GithubUITests;
			productReference = 5FD9139528952F3F00D71223 /* GithubUITests.xctest */;
			productType = "com.apple.product-type.bundle.ui-testing";
		};
/* End PBXNativeTarget section */

/* Begin PBXProject section */
		5FD9136D28952F3800D71223 /* Project object */ = {
			isa = PBXProject;
			attributes = {
				BuildIndependentTargetsInParallel = 1;
				LastSwiftUpdateCheck = 1340;
				LastUpgradeCheck = 1340;
				TargetAttributes = {
					5FD9137428952F3800D71223 = {
						CreatedOnToolsVersion = 13.4.1;
					};
					5FD9138A28952F3F00D71223 = {
						CreatedOnToolsVersion = 13.4.1;
						TestTargetID = 5FD9137428952F3800D71223;
					};
					5FD9139428952F3F00D71223 = {
						CreatedOnToolsVersion = 13.4.1;
						TestTargetID = 5FD9137428952F3800D71223;
					};
				};
			};
			buildConfigurationList = 5FD9137028952F3800D71223 /* Build configuration list for PBXProject "Github" */;
			compatibilityVersion = "Xcode 13.0";
			developmentRegion = en;
			hasScannedForEncodings = 0;
			knownRegions = (
				en,
				Base,
			);
			mainGroup = 5FD9136C28952F3800D71223;
			productRefGroup = 5FD9137628952F3800D71223 /* Products */;
			projectDirPath = "";
			projectRoot = "";
			targets = (
				5FD9137428952F3800D71223 /* Github */,
				5FD9138A28952F3F00D71223 /* GithubTests */,
				5FD9139428952F3F00D71223 /* GithubUITests */,
			);
		};
/* End PBXProject section */

/* Begin PBXResourcesBuildPhase section */
		5FD9137328952F3800D71223 /* Resources */ = {
			isa = PBXResourcesBuildPhase;
			buildActionMask = 2147483647;
			files = (
				5FD9138528952F3E00D71223 /* LaunchScreen.storyboard in Resources */,
				5FD9138228952F3E00D71223 /* Assets.xcassets in Resources */,
				5FBCAFDE2896F3D1001E5225 /* README.md in Resources */,
				5FD9138028952F3900D71223 /* Main.storyboard in Resources */,
				5F1078F328962302009C0F06 /* PullRequestDetailsTableViewCell.xib in Resources */,
			);
			runOnlyForDeploymentPostprocessing = 0;
		};
		5FD9138928952F3F00D71223 /* Resources */ = {
			isa = PBXResourcesBuildPhase;
			buildActionMask = 2147483647;
			files = (
			);
			runOnlyForDeploymentPostprocessing = 0;
		};
		5FD9139328952F3F00D71223 /* Resources */ = {
			isa = PBXResourcesBuildPhase;
			buildActionMask = 2147483647;
			files = (
			);
			runOnlyForDeploymentPostprocessing = 0;
		};
/* End PBXResourcesBuildPhase section */

/* Begin PBXSourcesBuildPhase section */
		5FD9137128952F3800D71223 /* Sources */ = {
			isa = PBXSourcesBuildPhase;
			buildActionMask = 2147483647;
			files = (
				5F1078C7289550C7009C0F06 /* Indexer.swift in Sources */,
				5F1078C928955133009C0F06 /* WelcomeViewModel.swift in Sources */,
				5F1078B52895439D009C0F06 /* NavigationViewController.swift in Sources */,
				5F1078F5289624B3009C0F06 /* LogOutManager.swift in Sources */,
				5F1078F228962302009C0F06 /* PullRequestDetailsTableViewCell.swift in Sources */,
				5F1078CF2895519F009C0F06 /* WelcomeRouter.swift in Sources */,
				5F1078CD28955185009C0F06 /* WelcomeViewBuilder.swift in Sources */,
				5F1078CB2895515D009C0F06 /* WelcomeBuilder.swift in Sources */,
				5F1078C528954821009C0F06 /* WelcomeViewController.swift in Sources */,
				5F1078B7289543D3009C0F06 /* RootRouter.swift in Sources */,
				5F1078BF2895449C009C0F06 /* RootInteractor.swift in Sources */,
				5F1078C1289544DF009C0F06 /* AppConstants.swift in Sources */,
				5F1078BB2895443A009C0F06 /* RootViewBuilder.swift in Sources */,
				5F1078E728959465009C0F06 /* HomeViewController.swift in Sources */,
				5F5823B228953CDC00089DB3 /* AppDelegate.swift in Sources */,
				5F1078D2289587F1009C0F06 /* LoginViewController.swift in Sources */,
				5F1078C32895455D009C0F06 /* UtilityExtension.swift in Sources */,
				5F1078BD2895446E009C0F06 /* RootViewModel.swift in Sources */,
				5F1078DE289589B0009C0F06 /* IKeyChain.swift in Sources */,
				5F1078E528959427009C0F06 /* HomeViewBuilder.swift in Sources */,
				5F1078EF28959632009C0F06 /* PullRequestModel.swift in Sources */,
				5F1078B928954415009C0F06 /* RootBuilder.swift in Sources */,
				5F1078D628958866009C0F06 /* LoginViewBuilder.swift in Sources */,
				5F1078D828958891009C0F06 /* LoginViewModel.swift in Sources */,
				5F1078E3289593E3009C0F06 /* HomeViewModel.swift in Sources */,
				5F1078DC28958921009C0F06 /* GithubInfoModel.swift in Sources */,
				5F1078E1289593B7009C0F06 /* HomeBuilder.swift in Sources */,
				5F1078DA289588BC009C0F06 /* LoginRouter.swift in Sources */,
				5F1078E9289594E5009C0F06 /* HomeRouter.swift in Sources */,
				5F1078D428958840009C0F06 /* LoginBuilder.swift in Sources */,
				5F1078EB28959522009C0F06 /* HomeInteractor.swift in Sources */,
				5F1078F728965D2F009C0F06 /* UserInfoModel.swift in Sources */,
				5F1078ED289595C0009C0F06 /* PRsRequestAndResponse.swift in Sources */,
			);
			runOnlyForDeploymentPostprocessing = 0;
		};
		5FD9138728952F3F00D71223 /* Sources */ = {
			isa = PBXSourcesBuildPhase;
			buildActionMask = 2147483647;
			files = (
				5FD9139028952F3F00D71223 /* GithubTests.swift in Sources */,
				5FBCAFE12896FC69001E5225 /* LogOutManager.swift in Sources */,
				5FBCAFE32896FC6C001E5225 /* UtilityExtension.swift in Sources */,
				5FBCAFDF2896FC65001E5225 /* IKeyChain.swift in Sources */,
				5FBCAFE52896FC70001E5225 /* AppConstants.swift in Sources */,
			);
			runOnlyForDeploymentPostprocessing = 0;
		};
		5FD9139128952F3F00D71223 /* Sources */ = {
			isa = PBXSourcesBuildPhase;
			buildActionMask = 2147483647;
			files = (
				5FD9139A28952F3F00D71223 /* GithubUITests.swift in Sources */,
				5FBCAFE62896FC70001E5225 /* AppConstants.swift in Sources */,
				5FBCAFE42896FC6D001E5225 /* UtilityExtension.swift in Sources */,
				5FBCAFE02896FC66001E5225 /* IKeyChain.swift in Sources */,
				5FD9139C28952F3F00D71223 /* GithubUITestsLaunchTests.swift in Sources */,
				5FBCAFE22896FC69001E5225 /* LogOutManager.swift in Sources */,
			);
			runOnlyForDeploymentPostprocessing = 0;
		};
/* End PBXSourcesBuildPhase section */

/* Begin PBXTargetDependency section */
		5FD9138D28952F3F00D71223 /* PBXTargetDependency */ = {
			isa = PBXTargetDependency;
			target = 5FD9137428952F3800D71223 /* Github */;
			targetProxy = 5FD9138C28952F3F00D71223 /* PBXContainerItemProxy */;
		};
		5FD9139728952F3F00D71223 /* PBXTargetDependency */ = {
			isa = PBXTargetDependency;
			target = 5FD9137428952F3800D71223 /* Github */;
			targetProxy = 5FD9139628952F3F00D71223 /* PBXContainerItemProxy */;
		};
/* End PBXTargetDependency section */

/* Begin PBXVariantGroup section */
		5FD9137E28952F3900D71223 /* Main.storyboard */ = {
			isa = PBXVariantGroup;
			children = (
				5FD9137F28952F3900D71223 /* Base */,
			);
			name = Main.storyboard;
			sourceTree = "<group>";
		};
		5FD9138328952F3E00D71223 /* LaunchScreen.storyboard */ = {
			isa = PBXVariantGroup;
			children = (
				5FD9138428952F3E00D71223 /* Base */,
			);
			name = LaunchScreen.storyboard;
			sourceTree = "<group>";
		};
/* End PBXVariantGroup section */

/* Begin XCBuildConfiguration section */
		5FD9139D28952F3F00D71223 /* Debug */ = {
			isa = XCBuildConfiguration;
			buildSettings = {
				ALWAYS_SEARCH_USER_PATHS = NO;
				CLANG_ANALYZER_NONNULL = YES;
				CLANG_ANALYZER_NUMBER_OBJECT_CONVERSION = YES_AGGRESSIVE;
				CLANG_CXX_LANGUAGE_STANDARD = "gnu++17";
				CLANG_ENABLE_MODULES = YES;
				CLANG_ENABLE_OBJC_ARC = YES;
				CLANG_ENABLE_OBJC_WEAK = YES;
				CLANG_WARN_BLOCK_CAPTURE_AUTORELEASING = YES;
				CLANG_WARN_BOOL_CONVERSION = YES;
				CLANG_WARN_COMMA = YES;
				CLANG_WARN_CONSTANT_CONVERSION = YES;
				CLANG_WARN_DEPRECATED_OBJC_IMPLEMENTATIONS = YES;
				CLANG_WARN_DIRECT_OBJC_ISA_USAGE = YES_ERROR;
				CLANG_WARN_DOCUMENTATION_COMMENTS = YES;
				CLANG_WARN_EMPTY_BODY = YES;
				CLANG_WARN_ENUM_CONVERSION = YES;
				CLANG_WARN_INFINITE_RECURSION = YES;
				CLANG_WARN_INT_CONVERSION = YES;
				CLANG_WARN_NON_LITERAL_NULL_CONVERSION = YES;
				CLANG_WARN_OBJC_IMPLICIT_RETAIN_SELF = YES;
				CLANG_WARN_OBJC_LITERAL_CONVERSION = YES;
				CLANG_WARN_OBJC_ROOT_CLASS = YES_ERROR;
				CLANG_WARN_QUOTED_INCLUDE_IN_FRAMEWORK_HEADER = YES;
				CLANG_WARN_RANGE_LOOP_ANALYSIS = YES;
				CLANG_WARN_STRICT_PROTOTYPES = YES;
				CLANG_WARN_SUSPICIOUS_MOVE = YES;
				CLANG_WARN_UNGUARDED_AVAILABILITY = YES_AGGRESSIVE;
				CLANG_WARN_UNREACHABLE_CODE = YES;
				CLANG_WARN__DUPLICATE_METHOD_MATCH = YES;
				COPY_PHASE_STRIP = NO;
				DEBUG_INFORMATION_FORMAT = dwarf;
				ENABLE_STRICT_OBJC_MSGSEND = YES;
				ENABLE_TESTABILITY = YES;
				GCC_C_LANGUAGE_STANDARD = gnu11;
				GCC_DYNAMIC_NO_PIC = NO;
				GCC_NO_COMMON_BLOCKS = YES;
				GCC_OPTIMIZATION_LEVEL = 0;
				GCC_PREPROCESSOR_DEFINITIONS = (
					"DEBUG=1",
					"$(inherited)",
				);
				GCC_WARN_64_TO_32_BIT_CONVERSION = YES;
				GCC_WARN_ABOUT_RETURN_TYPE = YES_ERROR;
				GCC_WARN_UNDECLARED_SELECTOR = YES;
				GCC_WARN_UNINITIALIZED_AUTOS = YES_AGGRESSIVE;
				GCC_WARN_UNUSED_FUNCTION = YES;
				GCC_WARN_UNUSED_VARIABLE = YES;
				IPHONEOS_DEPLOYMENT_TARGET = 15.5;
				MTL_ENABLE_DEBUG_INFO = INCLUDE_SOURCE;
				MTL_FAST_MATH = YES;
				ONLY_ACTIVE_ARCH = YES;
				SDKROOT = iphoneos;
				SWIFT_ACTIVE_COMPILATION_CONDITIONS = DEBUG;
				SWIFT_OPTIMIZATION_LEVEL = "-Onone";
			};
			name = Debug;
		};
		5FD9139E28952F3F00D71223 /* Release */ = {
			isa = XCBuildConfiguration;
			buildSettings = {
				ALWAYS_SEARCH_USER_PATHS = NO;
				CLANG_ANALYZER_NONNULL = YES;
				CLANG_ANALYZER_NUMBER_OBJECT_CONVERSION = YES_AGGRESSIVE;
				CLANG_CXX_LANGUAGE_STANDARD = "gnu++17";
				CLANG_ENABLE_MODULES = YES;
				CLANG_ENABLE_OBJC_ARC = YES;
				CLANG_ENABLE_OBJC_WEAK = YES;
				CLANG_WARN_BLOCK_CAPTURE_AUTORELEASING = YES;
				CLANG_WARN_BOOL_CONVERSION = YES;
				CLANG_WARN_COMMA = YES;
				CLANG_WARN_CONSTANT_CONVERSION = YES;
				CLANG_WARN_DEPRECATED_OBJC_IMPLEMENTATIONS = YES;
				CLANG_WARN_DIRECT_OBJC_ISA_USAGE = YES_ERROR;
				CLANG_WARN_DOCUMENTATION_COMMENTS = YES;
				CLANG_WARN_EMPTY_BODY = YES;
				CLANG_WARN_ENUM_CONVERSION = YES;
				CLANG_WARN_INFINITE_RECURSION = YES;
				CLANG_WARN_INT_CONVERSION = YES;
				CLANG_WARN_NON_LITERAL_NULL_CONVERSION = YES;
				CLANG_WARN_OBJC_IMPLICIT_RETAIN_SELF = YES;
				CLANG_WARN_OBJC_LITERAL_CONVERSION = YES;
				CLANG_WARN_OBJC_ROOT_CLASS = YES_ERROR;
				CLANG_WARN_QUOTED_INCLUDE_IN_FRAMEWORK_HEADER = YES;
				CLANG_WARN_RANGE_LOOP_ANALYSIS = YES;
				CLANG_WARN_STRICT_PROTOTYPES = YES;
				CLANG_WARN_SUSPICIOUS_MOVE = YES;
				CLANG_WARN_UNGUARDED_AVAILABILITY = YES_AGGRESSIVE;
				CLANG_WARN_UNREACHABLE_CODE = YES;
				CLANG_WARN__DUPLICATE_METHOD_MATCH = YES;
				COPY_PHASE_STRIP = NO;
				DEBUG_INFORMATION_FORMAT = "dwarf-with-dsym";
				ENABLE_NS_ASSERTIONS = NO;
				ENABLE_STRICT_OBJC_MSGSEND = YES;
				GCC_C_LANGUAGE_STANDARD = gnu11;
				GCC_NO_COMMON_BLOCKS = YES;
				GCC_WARN_64_TO_32_BIT_CONVERSION = YES;
				GCC_WARN_ABOUT_RETURN_TYPE = YES_ERROR;
				GCC_WARN_UNDECLARED_SELECTOR = YES;
				GCC_WARN_UNINITIALIZED_AUTOS = YES_AGGRESSIVE;
				GCC_WARN_UNUSED_FUNCTION = YES;
				GCC_WARN_UNUSED_VARIABLE = YES;
				IPHONEOS_DEPLOYMENT_TARGET = 15.5;
				MTL_ENABLE_DEBUG_INFO = NO;
				MTL_FAST_MATH = YES;
				SDKROOT = iphoneos;
				SWIFT_COMPILATION_MODE = wholemodule;
				SWIFT_OPTIMIZATION_LEVEL = "-O";
				VALIDATE_PRODUCT = YES;
			};
			name = Release;
		};
		5FD913A028952F3F00D71223 /* Debug */ = {
			isa = XCBuildConfiguration;
			buildSettings = {
				ASSETCATALOG_COMPILER_APPICON_NAME = AppIcon;
				ASSETCATALOG_COMPILER_GLOBAL_ACCENT_COLOR_NAME = AccentColor;
				CODE_SIGN_STYLE = Automatic;
				CURRENT_PROJECT_VERSION = 1;
				DEVELOPMENT_TEAM = PQL36LJA78;
				GENERATE_INFOPLIST_FILE = YES;
				INFOPLIST_FILE = Github/Info.plist;
				INFOPLIST_KEY_UIApplicationSupportsIndirectInputEvents = YES;
				INFOPLIST_KEY_UILaunchStoryboardName = LaunchScreen;
				INFOPLIST_KEY_UIMainStoryboardFile = Main;
				INFOPLIST_KEY_UIRequiredDeviceCapabilities = armv7;
				INFOPLIST_KEY_UISupportedInterfaceOrientations = UIInterfaceOrientationPortrait;
				INFOPLIST_KEY_UISupportedInterfaceOrientations_iPad = "UIInterfaceOrientationPortrait UIInterfaceOrientationPortraitUpsideDown UIInterfaceOrientationLandscapeLeft UIInterfaceOrientationLandscapeRight";
				INFOPLIST_KEY_UISupportedInterfaceOrientations_iPhone = "UIInterfaceOrientationPortrait UIInterfaceOrientationLandscapeLeft UIInterfaceOrientationLandscapeRight";
				LD_RUNPATH_SEARCH_PATHS = (
					"$(inherited)",
					"@executable_path/Frameworks",
				);
				MARKETING_VERSION = 1.0;
				PRODUCT_BUNDLE_IDENTIFIER = indolia.Github;
				PRODUCT_NAME = "$(TARGET_NAME)";
				SWIFT_EMIT_LOC_STRINGS = YES;
				SWIFT_VERSION = 5.0;
				TARGETED_DEVICE_FAMILY = "1,2";
			};
			name = Debug;
		};
		5FD913A128952F3F00D71223 /* Release */ = {
			isa = XCBuildConfiguration;
			buildSettings = {
				ASSETCATALOG_COMPILER_APPICON_NAME = AppIcon;
				ASSETCATALOG_COMPILER_GLOBAL_ACCENT_COLOR_NAME = AccentColor;
				CODE_SIGN_STYLE = Automatic;
				CURRENT_PROJECT_VERSION = 1;
				DEVELOPMENT_TEAM = PQL36LJA78;
				GENERATE_INFOPLIST_FILE = YES;
				INFOPLIST_FILE = Github/Info.plist;
				INFOPLIST_KEY_UIApplicationSupportsIndirectInputEvents = YES;
				INFOPLIST_KEY_UILaunchStoryboardName = LaunchScreen;
				INFOPLIST_KEY_UIMainStoryboardFile = Main;
				INFOPLIST_KEY_UIRequiredDeviceCapabilities = armv7;
				INFOPLIST_KEY_UISupportedInterfaceOrientations = UIInterfaceOrientationPortrait;
				INFOPLIST_KEY_UISupportedInterfaceOrientations_iPad = "UIInterfaceOrientationPortrait UIInterfaceOrientationPortraitUpsideDown UIInterfaceOrientationLandscapeLeft UIInterfaceOrientationLandscapeRight";
				INFOPLIST_KEY_UISupportedInterfaceOrientations_iPhone = "UIInterfaceOrientationPortrait UIInterfaceOrientationLandscapeLeft UIInterfaceOrientationLandscapeRight";
				LD_RUNPATH_SEARCH_PATHS = (
					"$(inherited)",
					"@executable_path/Frameworks",
				);
				MARKETING_VERSION = 1.0;
				PRODUCT_BUNDLE_IDENTIFIER = indolia.Github;
				PRODUCT_NAME = "$(TARGET_NAME)";
				SWIFT_EMIT_LOC_STRINGS = YES;
				SWIFT_VERSION = 5.0;
				TARGETED_DEVICE_FAMILY = "1,2";
			};
			name = Release;
		};
		5FD913A328952F3F00D71223 /* Debug */ = {
			isa = XCBuildConfiguration;
			buildSettings = {
				ALWAYS_EMBED_SWIFT_STANDARD_LIBRARIES = YES;
				BUNDLE_LOADER = "$(TEST_HOST)";
				CODE_SIGN_STYLE = Automatic;
				CURRENT_PROJECT_VERSION = 1;
				DEVELOPMENT_TEAM = PQL36LJA78;
				GENERATE_INFOPLIST_FILE = YES;
				IPHONEOS_DEPLOYMENT_TARGET = 15.5;
				MARKETING_VERSION = 1.0;
				PRODUCT_BUNDLE_IDENTIFIER = indolia.GithubTests;
				PRODUCT_NAME = "$(TARGET_NAME)";
				SWIFT_EMIT_LOC_STRINGS = NO;
				SWIFT_VERSION = 5.0;
				TARGETED_DEVICE_FAMILY = "1,2";
				TEST_HOST = "$(BUILT_PRODUCTS_DIR)/Github.app/Github";
			};
			name = Debug;
		};
		5FD913A428952F3F00D71223 /* Release */ = {
			isa = XCBuildConfiguration;
			buildSettings = {
				ALWAYS_EMBED_SWIFT_STANDARD_LIBRARIES = YES;
				BUNDLE_LOADER = "$(TEST_HOST)";
				CODE_SIGN_STYLE = Automatic;
				CURRENT_PROJECT_VERSION = 1;
				DEVELOPMENT_TEAM = PQL36LJA78;
				GENERATE_INFOPLIST_FILE = YES;
				IPHONEOS_DEPLOYMENT_TARGET = 15.5;
				MARKETING_VERSION = 1.0;
				PRODUCT_BUNDLE_IDENTIFIER = indolia.GithubTests;
				PRODUCT_NAME = "$(TARGET_NAME)";
				SWIFT_EMIT_LOC_STRINGS = NO;
				SWIFT_VERSION = 5.0;
				TARGETED_DEVICE_FAMILY = "1,2";
				TEST_HOST = "$(BUILT_PRODUCTS_DIR)/Github.app/Github";
			};
			name = Release;
		};
		5FD913A628952F3F00D71223 /* Debug */ = {
			isa = XCBuildConfiguration;
			buildSettings = {
				ALWAYS_EMBED_SWIFT_STANDARD_LIBRARIES = YES;
				CODE_SIGN_STYLE = Automatic;
				CURRENT_PROJECT_VERSION = 1;
				DEVELOPMENT_TEAM = PQL36LJA78;
				GENERATE_INFOPLIST_FILE = YES;
				MARKETING_VERSION = 1.0;
				PRODUCT_BUNDLE_IDENTIFIER = indolia.GithubUITests;
				PRODUCT_NAME = "$(TARGET_NAME)";
				SWIFT_EMIT_LOC_STRINGS = NO;
				SWIFT_VERSION = 5.0;
				TARGETED_DEVICE_FAMILY = "1,2";
				TEST_TARGET_NAME = Github;
			};
			name = Debug;
		};
		5FD913A728952F3F00D71223 /* Release */ = {
			isa = XCBuildConfiguration;
			buildSettings = {
				ALWAYS_EMBED_SWIFT_STANDARD_LIBRARIES = YES;
				CODE_SIGN_STYLE = Automatic;
				CURRENT_PROJECT_VERSION = 1;
				DEVELOPMENT_TEAM = PQL36LJA78;
				GENERATE_INFOPLIST_FILE = YES;
				MARKETING_VERSION = 1.0;
				PRODUCT_BUNDLE_IDENTIFIER = indolia.GithubUITests;
				PRODUCT_NAME = "$(TARGET_NAME)";
				SWIFT_EMIT_LOC_STRINGS = NO;
				SWIFT_VERSION = 5.0;
				TARGETED_DEVICE_FAMILY = "1,2";
				TEST_TARGET_NAME = Github;
			};
			name = Release;
		};
/* End XCBuildConfiguration section */

/* Begin XCConfigurationList section */
		5FD9137028952F3800D71223 /* Build configuration list for PBXProject "Github" */ = {
			isa = XCConfigurationList;
			buildConfigurations = (
				5FD9139D28952F3F00D71223 /* Debug */,
				5FD9139E28952F3F00D71223 /* Release */,
			);
			defaultConfigurationIsVisible = 0;
			defaultConfigurationName = Release;
		};
		5FD9139F28952F3F00D71223 /* Build configuration list for PBXNativeTarget "Github" */ = {
			isa = XCConfigurationList;
			buildConfigurations = (
				5FD913A028952F3F00D71223 /* Debug */,
				5FD913A128952F3F00D71223 /* Release */,
			);
			defaultConfigurationIsVisible = 0;
			defaultConfigurationName = Release;
		};
		5FD913A228952F3F00D71223 /* Build configuration list for PBXNativeTarget "GithubTests" */ = {
			isa = XCConfigurationList;
			buildConfigurations = (
				5FD913A328952F3F00D71223 /* Debug */,
				5FD913A428952F3F00D71223 /* Release */,
			);
			defaultConfigurationIsVisible = 0;
			defaultConfigurationName = Release;
		};
		5FD913A528952F3F00D71223 /* Build configuration list for PBXNativeTarget "GithubUITests" */ = {
			isa = XCConfigurationList;
			buildConfigurations = (
				5FD913A628952F3F00D71223 /* Debug */,
				5FD913A728952F3F00D71223 /* Release */,
			);
			defaultConfigurationIsVisible = 0;
			defaultConfigurationName = Release;
		};
/* End XCConfigurationList section */
	};
	rootObject = 5FD9136D28952F3800D71223 /* Project object */;
}
